
Microsoft Visual Studio Solution File, Format Version 12.00
# Visual Studio Version 16
VisualStudioVersion = 16.0.29806.167
MinimumVisualStudioVersion = 10.0.40219.1
Project("{FAE04EC0-301F-11D3-BF4B-00C04F79EFBC}") = "IS.Interface", "Interface\IS.Interface.csproj", "{46BF13EC-EDAA-445C-B108-CE20BE5A2C8A}"
EndProject
Project("{FAE04EC0-301F-11D3-BF4B-00C04F79EFBC}") = "IS.RFID.CS", "RFID.CS\IS.RFID.CS.csproj", "{F50AEA56-3DEC-4E32-8739-E95BC1B8636A}"
	ProjectSection(ProjectDependencies) = postProject
		{7BF70B72-D229-4A77-8687-34D62FC11C50} = {7BF70B72-D229-4A77-8687-34D62FC11C50}
		{4B59CDA6-18B4-4DA2-A88D-4E1F69547259} = {4B59CDA6-18B4-4DA2-A88D-4E1F69547259}
		{F433D6C3-6212-4B8D-9208-3E683ADF0131} = {F433D6C3-6212-4B8D-9208-3E683ADF0131}
	EndProjectSection
EndProject
Project("{930C7802-8A8C-48F9-8165-68863BCCD9DD}") = "IS.RFID.Setup", "Setup\IS.RFID.Setup.wixproj", "{31238BC4-F017-4711-886C-0C753B150D94}"
EndProject
Project("{FAE04EC0-301F-11D3-BF4B-00C04F79EFBC}") = "IS.RFID.SmartCard", "RFID.SmartCard\IS.RFID.SmartCard.csproj", "{4B59CDA6-18B4-4DA2-A88D-4E1F69547259}"
EndProject
Project("{FAE04EC0-301F-11D3-BF4B-00C04F79EFBC}") = "IS.RFID.Tools", "RFID.Tools\IS.RFID.Tools.csproj", "{421E08AE-A87D-4FD8-9A5A-715804747C84}"
	ProjectSection(ProjectDependencies) = postProject
		{4B59CDA6-18B4-4DA2-A88D-4E1F69547259} = {4B59CDA6-18B4-4DA2-A88D-4E1F69547259}
	EndProjectSection
EndProject
Project("{FAE04EC0-301F-11D3-BF4B-00C04F79EFBC}") = "IS.RFID.Bibliotheca", "RFID.Bibliotheca\IS.RFID.Bibliotheca.csproj", "{F433D6C3-6212-4B8D-9208-3E683ADF0131}"
EndProject
Project("{FAE04EC0-301F-11D3-BF4B-00C04F79EFBC}") = "IS.RFID.IDLogic", "RFID.IDLogic\IS.RFID.IDLogic.csproj", "{7BF70B72-D229-4A77-8687-34D62FC11C50}"
EndProject
Project("{FAE04EC0-301F-11D3-BF4B-00C04F79EFBC}") = "IS.RFID.Service", "RFID.Service\IS.RFID.Service.csproj", "{22653B5C-AAC6-430D-ADE2-A856506B3882}"
EndProject
Project("{FAE04EC0-301F-11D3-BF4B-00C04F79EFBC}") = "IS.SIP2.CS", "SIP2.CS\IS.SIP2.CS.csproj", "{5BD23A89-0906-4DAF-84EA-349ECDB21CF5}"
EndProject
Project("{FAE04EC0-301F-11D3-BF4B-00C04F79EFBC}") = "IS.SIP2.Cloud", "SIP2.Cloud\IS.SIP2.Cloud.csproj", "{E7C5AA2B-500C-41AE-947B-3F2979A4A454}"
EndProject
Project("{930C7802-8A8C-48F9-8165-68863BCCD9DD}") = "IS.SIP2.Setup", "Setup\IS.SIP2.Setup.wixproj", "{B2573D19-1021-4DED-9028-D471AF9687FE}"
EndProject
Global
	GlobalSection(SolutionConfigurationPlatforms) = preSolution
		Debug|Any CPU = Debug|Any CPU
		Debug|x86 = Debug|x86
		Release|Any CPU = Release|Any CPU
		Release|x86 = Release|x86
	EndGlobalSection
	GlobalSection(ProjectConfigurationPlatforms) = postSolution
		{46BF13EC-EDAA-445C-B108-CE20BE5A2C8A}.Debug|Any CPU.ActiveCfg = Debug|Any CPU
		{46BF13EC-EDAA-445C-B108-CE20BE5A2C8A}.Debug|Any CPU.Build.0 = Debug|Any CPU
		{46BF13EC-EDAA-445C-B108-CE20BE5A2C8A}.Debug|x86.ActiveCfg = Debug|Any CPU
		{46BF13EC-EDAA-445C-B108-CE20BE5A2C8A}.Debug|x86.Build.0 = Debug|Any CPU
		{46BF13EC-EDAA-445C-B108-CE20BE5A2C8A}.Release|Any CPU.ActiveCfg = Release|Any CPU
		{46BF13EC-EDAA-445C-B108-CE20BE5A2C8A}.Release|Any CPU.Build.0 = Release|Any CPU
		{46BF13EC-EDAA-445C-B108-CE20BE5A2C8A}.Release|x86.ActiveCfg = Release|Any CPU
		{46BF13EC-EDAA-445C-B108-CE20BE5A2C8A}.Release|x86.Build.0 = Release|Any CPU
		{F50AEA56-3DEC-4E32-8739-E95BC1B8636A}.Debug|Any CPU.ActiveCfg = Debug|x86
		{F50AEA56-3DEC-4E32-8739-E95BC1B8636A}.Debug|x86.ActiveCfg = Debug|x86
		{F50AEA56-3DEC-4E32-8739-E95BC1B8636A}.Debug|x86.Build.0 = Debug|x86
		{F50AEA56-3DEC-4E32-8739-E95BC1B8636A}.Release|Any CPU.ActiveCfg = Release|x86
		{F50AEA56-3DEC-4E32-8739-E95BC1B8636A}.Release|Any CPU.Build.0 = Release|x86
		{F50AEA56-3DEC-4E32-8739-E95BC1B8636A}.Release|x86.ActiveCfg = Release|x86
		{F50AEA56-3DEC-4E32-8739-E95BC1B8636A}.Release|x86.Build.0 = Release|x86
		{31238BC4-F017-4711-886C-0C753B150D94}.Debug|Any CPU.ActiveCfg = Debug|x86
		{31238BC4-F017-4711-886C-0C753B150D94}.Debug|x86.ActiveCfg = Debug|x86
		{31238BC4-F017-4711-886C-0C753B150D94}.Release|Any CPU.ActiveCfg = Release|x86
		{31238BC4-F017-4711-886C-0C753B150D94}.Release|x86.ActiveCfg = Release|x86
		{4B59CDA6-18B4-4DA2-A88D-4E1F69547259}.Debug|Any CPU.ActiveCfg = Debug|x86
		{4B59CDA6-18B4-4DA2-A88D-4E1F69547259}.Debug|x86.ActiveCfg = Debug|x86
		{4B59CDA6-18B4-4DA2-A88D-4E1F69547259}.Debug|x86.Build.0 = Debug|x86
		{4B59CDA6-18B4-4DA2-A88D-4E1F69547259}.Release|Any CPU.ActiveCfg = Release|x86
		{4B59CDA6-18B4-4DA2-A88D-4E1F69547259}.Release|Any CPU.Build.0 = Release|x86
		{4B59CDA6-18B4-4DA2-A88D-4E1F69547259}.Release|x86.ActiveCfg = Release|x86
		{4B59CDA6-18B4-4DA2-A88D-4E1F69547259}.Release|x86.Build.0 = Release|x86
		{421E08AE-A87D-4FD8-9A5A-715804747C84}.Debug|Any CPU.ActiveCfg = Debug|x86
		{421E08AE-A87D-4FD8-9A5A-715804747C84}.Debug|x86.ActiveCfg = Debug|x86
		{421E08AE-A87D-4FD8-9A5A-715804747C84}.Debug|x86.Build.0 = Debug|x86
		{421E08AE-A87D-4FD8-9A5A-715804747C84}.Release|Any CPU.ActiveCfg = Release|x86
		{421E08AE-A87D-4FD8-9A5A-715804747C84}.Release|Any CPU.Build.0 = Release|x86
		{421E08AE-A87D-4FD8-9A5A-715804747C84}.Release|x86.ActiveCfg = Release|x86
		{421E08AE-A87D-4FD8-9A5A-715804747C84}.Release|x86.Build.0 = Release|x86
		{F433D6C3-6212-4B8D-9208-3E683ADF0131}.Debug|Any CPU.ActiveCfg = Debug|x86
		{F433D6C3-6212-4B8D-9208-3E683ADF0131}.Debug|x86.ActiveCfg = Debug|x86
		{F433D6C3-6212-4B8D-9208-3E683ADF0131}.Debug|x86.Build.0 = Debug|x86
		{F433D6C3-6212-4B8D-9208-3E683ADF0131}.Release|Any CPU.ActiveCfg = Release|x86
		{F433D6C3-6212-4B8D-9208-3E683ADF0131}.Release|Any CPU.Build.0 = Release|x86
		{F433D6C3-6212-4B8D-9208-3E683ADF0131}.Release|x86.ActiveCfg = Release|x86
		{F433D6C3-6212-4B8D-9208-3E683ADF0131}.Release|x86.Build.0 = Release|x86
		{7BF70B72-D229-4A77-8687-34D62FC11C50}.Debug|Any CPU.ActiveCfg = Debug|x86
		{7BF70B72-D229-4A77-8687-34D62FC11C50}.Debug|x86.ActiveCfg = Debug|x86
		{7BF70B72-D229-4A77-8687-34D62FC11C50}.Debug|x86.Build.0 = Debug|x86
		{7BF70B72-D229-4A77-8687-34D62FC11C50}.Release|Any CPU.ActiveCfg = Release|x86
		{7BF70B72-D229-4A77-8687-34D62FC11C50}.Release|Any CPU.Build.0 = Release|x86
		{7BF70B72-D229-4A77-8687-34D62FC11C50}.Release|x86.ActiveCfg = Release|x86
		{7BF70B72-D229-4A77-8687-34D62FC11C50}.Release|x86.Build.0 = Release|x86
		{22653B5C-AAC6-430D-ADE2-A856506B3882}.Debug|Any CPU.ActiveCfg = Debug|Any CPU
		{22653B5C-AAC6-430D-ADE2-A856506B3882}.Debug|Any CPU.Build.0 = Debug|Any CPU
		{22653B5C-AAC6-430D-ADE2-A856506B3882}.Debug|x86.ActiveCfg = Debug|Any CPU
		{22653B5C-AAC6-430D-ADE2-A856506B3882}.Debug|x86.Build.0 = Debug|Any CPU
		{22653B5C-AAC6-430D-ADE2-A856506B3882}.Release|Any CPU.ActiveCfg = Release|Any CPU
		{22653B5C-AAC6-430D-ADE2-A856506B3882}.Release|Any CPU.Build.0 = Release|Any CPU
		{22653B5C-AAC6-430D-ADE2-A856506B3882}.Release|x86.ActiveCfg = Release|Any CPU
		{22653B5C-AAC6-430D-ADE2-A856506B3882}.Release|x86.Build.0 = Release|Any CPU
		{5BD23A89-0906-4DAF-84EA-349ECDB21CF5}.Debug|Any CPU.ActiveCfg = Debug|x86
		{5BD23A89-0906-4DAF-84EA-349ECDB21CF5}.Debug|x86.ActiveCfg = Debug|x86
		{5BD23A89-0906-4DAF-84EA-349ECDB21CF5}.Debug|x86.Build.0 = Debug|x86
		{5BD23A89-0906-4DAF-84EA-349ECDB21CF5}.Release|Any CPU.ActiveCfg = Release|x86
		{5BD23A89-0906-4DAF-84EA-349ECDB21CF5}.Release|Any CPU.Build.0 = Release|x86
		{5BD23A89-0906-4DAF-84EA-349ECDB21CF5}.Release|x86.ActiveCfg = Release|x86
		{5BD23A89-0906-4DAF-84EA-349ECDB21CF5}.Release|x86.Build.0 = Release|x86
		{E7C5AA2B-500C-41AE-947B-3F2979A4A454}.Debug|Any CPU.ActiveCfg = Debug|x86
		{E7C5AA2B-500C-41AE-947B-3F2979A4A454}.Debug|x86.ActiveCfg = Debug|x86
		{E7C5AA2B-500C-41AE-947B-3F2979A4A454}.Debug|x86.Build.0 = Debug|x86
		{E7C5AA2B-500C-41AE-947B-3F2979A4A454}.Release|Any CPU.ActiveCfg = Release|x86
		{E7C5AA2B-500C-41AE-947B-3F2979A4A454}.Release|Any CPU.Build.0 = Release|x86
		{E7C5AA2B-500C-41AE-947B-3F2979A4A454}.Release|x86.ActiveCfg = Release|x86
		{E7C5AA2B-500C-41AE-947B-3F2979A4A454}.Release|x86.Build.0 = Release|x86
		{B2573D19-1021-4DED-9028-D471AF9687FE}.Debug|Any CPU.ActiveCfg = Debug|x86
		{B2573D19-1021-4DED-9028-D471AF9687FE}.Debug|x86.ActiveCfg = Debug|x86
		{B2573D19-1021-4DED-9028-D471AF9687FE}.Debug|x86.Build.0 = Debug|x86
		{B2573D19-1021-4DED-9028-D471AF9687FE}.Release|Any CPU.ActiveCfg = Release|x86
		{B2573D19-1021-4DED-9028-D471AF9687FE}.Release|x86.ActiveCfg = Release|x86
	EndGlobalSection
	GlobalSection(SolutionProperties) = preSolution
		HideSolutionNode = FALSE
	EndGlobalSection
	GlobalSection(ExtensibilityGlobals) = postSolution
		SolutionGuid = {B0BEC3FD-D3AE-479D-8B78-239478ADF47C}
	EndGlobalSection
EndGlobal
